
Microsoft Visual Studio Solution File, Format Version 12.00
# Visual Studio Version 17
VisualStudioVersion = 17.14.36121.58 d17.14
MinimumVisualStudioVersion = 10.0.40219.1
Project("{FAE04EC0-301F-11D3-BF4B-00C04F79EFBC}") = "Ejercicio5", "Ejercicio5.csproj", "{7D3BA9A6-092A-4F43-9874-62F24E1ED1CD}"
EndProject
Global
	GlobalSection(SolutionConfigurationPlatforms) = preSolution
		Debug|Any CPU = Debug|Any CPU
		Release|Any CPU = Release|Any CPU
	EndGlobalSection
	GlobalSection(ProjectConfigurationPlatforms) = postSolution
		{7D3BA9A6-092A-4F43-9874-62F24E1ED1CD}.Debug|Any CPU.ActiveCfg = Debug|Any CPU
		{7D3BA9A6-092A-4F43-9874-62F24E1ED1CD}.Debug|Any CPU.Build.0 = Debug|Any CPU
		{7D3BA9A6-092A-4F43-9874-62F24E1ED1CD}.Release|Any CPU.ActiveCfg = Release|Any CPU
		{7D3BA9A6-092A-4F43-9874-62F24E1ED1CD}.Release|Any CPU.Build.0 = Release|Any CPU
	EndGlobalSection
	GlobalSection(SolutionProperties) = preSolution
		HideSolutionNode = FALSE
	EndGlobalSection
	GlobalSection(ExtensibilityGlobals) = postSolution
		SolutionGuid = {A13DE356-6D67-4881-B9AC-377159530ACC}
	EndGlobalSection
EndGlobal
