
Microsoft Visual Studio Solution File, Format Version 12.00
# Visual Studio Version 17
VisualStudioVersion = 17.14.36121.58 d17.14
MinimumVisualStudioVersion = 10.0.40219.1
Project("{FAE04EC0-301F-11D3-BF4B-00C04F79EFBC}") = "Ejercicio4", "Ejercicio4.csproj", "{A81E184A-4084-49F6-8D8E-5F87A171F978}"
EndProject
Global
	GlobalSection(SolutionConfigurationPlatforms) = preSolution
		Debug|Any CPU = Debug|Any CPU
		Release|Any CPU = Release|Any CPU
	EndGlobalSection
	GlobalSection(ProjectConfigurationPlatforms) = postSolution
		{A81E184A-4084-49F6-8D8E-5F87A171F978}.Debug|Any CPU.ActiveCfg = Debug|Any CPU
		{A81E184A-4084-49F6-8D8E-5F87A171F978}.Debug|Any CPU.Build.0 = Debug|Any CPU
		{A81E184A-4084-49F6-8D8E-5F87A171F978}.Release|Any CPU.ActiveCfg = Release|Any CPU
		{A81E184A-4084-49F6-8D8E-5F87A171F978}.Release|Any CPU.Build.0 = Release|Any CPU
	EndGlobalSection
	GlobalSection(SolutionProperties) = preSolution
		HideSolutionNode = FALSE
	EndGlobalSection
	GlobalSection(ExtensibilityGlobals) = postSolution
		SolutionGuid = {01A11AAC-4999-4FBC-8B29-74292EF64C27}
	EndGlobalSection
EndGlobal
