
Microsoft Visual Studio Solution File, Format Version 12.00
# Visual Studio Version 17
VisualStudioVersion = 17.14.36121.58 d17.14
MinimumVisualStudioVersion = 10.0.40219.1
Project("{FAE04EC0-301F-11D3-BF4B-00C04F79EFBC}") = "WindowsFormsApp1", "WindowsFormsApp1.csproj", "{853AC703-A5EB-4D24-937D-0C525B0C0121}"
EndProject
Global
	GlobalSection(SolutionConfigurationPlatforms) = preSolution
		Debug|Any CPU = Debug|Any CPU
		Release|Any CPU = Release|Any CPU
	EndGlobalSection
	GlobalSection(ProjectConfigurationPlatforms) = postSolution
		{853AC703-A5EB-4D24-937D-0C525B0C0121}.Debug|Any CPU.ActiveCfg = Debug|Any CPU
		{853AC703-A5EB-4D24-937D-0C525B0C0121}.Debug|Any CPU.Build.0 = Debug|Any CPU
		{853AC703-A5EB-4D24-937D-0C525B0C0121}.Release|Any CPU.ActiveCfg = Release|Any CPU
		{853AC703-A5EB-4D24-937D-0C525B0C0121}.Release|Any CPU.Build.0 = Release|Any CPU
	EndGlobalSection
	GlobalSection(SolutionProperties) = preSolution
		HideSolutionNode = FALSE
	EndGlobalSection
	GlobalSection(ExtensibilityGlobals) = postSolution
		SolutionGuid = {462446DF-0A0A-47DF-814F-F3D926B89620}
	EndGlobalSection
EndGlobal
