
Microsoft Visual Studio Solution File, Format Version 12.00
# Visual Studio Version 17
VisualStudioVersion = 17.14.36121.58 d17.14
MinimumVisualStudioVersion = 10.0.40219.1
Project("{FAE04EC0-301F-11D3-BF4B-00C04F79EFBC}") = "4.4", "4.4.csproj", "{31BAC81E-459E-4F3C-A141-164082F7897A}"
EndProject
Global
	GlobalSection(SolutionConfigurationPlatforms) = preSolution
		Debug|Any CPU = Debug|Any CPU
		Release|Any CPU = Release|Any CPU
	EndGlobalSection
	GlobalSection(ProjectConfigurationPlatforms) = postSolution
		{31BAC81E-459E-4F3C-A141-164082F7897A}.Debug|Any CPU.ActiveCfg = Debug|Any CPU
		{31BAC81E-459E-4F3C-A141-164082F7897A}.Debug|Any CPU.Build.0 = Debug|Any CPU
		{31BAC81E-459E-4F3C-A141-164082F7897A}.Release|Any CPU.ActiveCfg = Release|Any CPU
		{31BAC81E-459E-4F3C-A141-164082F7897A}.Release|Any CPU.Build.0 = Release|Any CPU
	EndGlobalSection
	GlobalSection(SolutionProperties) = preSolution
		HideSolutionNode = FALSE
	EndGlobalSection
	GlobalSection(ExtensibilityGlobals) = postSolution
		SolutionGuid = {7F076BEF-0DAC-49FC-8ED0-A8F04B3FC6F3}
	EndGlobalSection
EndGlobal
